
Microsoft Visual Studio Solution File, Format Version 12.00
# Visual Studio Version 16
VisualStudioVersion = 16.0.33130.400
MinimumVisualStudioVersion = 10.0.40219.1
Project("{FAE04EC0-301F-11D3-BF4B-00C04F79EFBC}") = "ACM_UFT", "ACM_UFT.csproj", "{12C4DF3C-55DF-4060-BD24-A6605412CFFA}"
EndProject
Global
	GlobalSection(SolutionConfigurationPlatforms) = preSolution
		Debug|Any CPU = Debug|Any CPU
		Release|Any CPU = Release|Any CPU
	EndGlobalSection
	GlobalSection(ProjectConfigurationPlatforms) = postSolution
		{12C4DF3C-55DF-4060-BD24-A6605412CFFA}.Debug|Any CPU.ActiveCfg = Debug|Any CPU
		{12C4DF3C-55DF-4060-BD24-A6605412CFFA}.Debug|Any CPU.Build.0 = Debug|Any CPU
		{12C4DF3C-55DF-4060-BD24-A6605412CFFA}.Release|Any CPU.ActiveCfg = Release|Any CPU
		{12C4DF3C-55DF-4060-BD24-A6605412CFFA}.Release|Any CPU.Build.0 = Release|Any CPU
	EndGlobalSection
	GlobalSection(SolutionProperties) = preSolution
		HideSolutionNode = FALSE
	EndGlobalSection
	GlobalSection(ExtensibilityGlobals) = postSolution
		SolutionGuid = {5091E7F0-AF3E-4D6E-92EF-30A30D8859A1}
	EndGlobalSection
EndGlobal
